{
  "name": "oauthcallback",
  "version": "2.0.0",
  "lockfileVersion": 3,
  "requires": true,
  "packages": {
    "": {
      "name": "oauthcallback",
      "version": "2.0.0",
      "license": "Apache-2.0",
      "dependencies": {
        "twitter-api-v2": "^1.15.0"
      },
      "devDependencies": {
        "@types/aws-lambda": "^8.10.92"
      }
    },
    "node_modules/@types/aws-lambda": {
      "version": "8.10.119",
      "resolved": "https://registry.npmjs.org/@types/aws-lambda/-/aws-lambda-8.10.119.tgz",
      "integrity": "sha512-Vqm22aZrCvCd6I5g1SvpW151jfqwTzEZ7XJ3yZ6xaZG31nUEOEyzzVImjRcsN8Wi/QyPxId/x8GTtgIbsy8kEw==",
      "dev": true
    },
    "node_modules/twitter-api-v2": {
      "version": "1.15.0",
      "resolved": "https://registry.npmjs.org/twitter-api-v2/-/twitter-api-v2-1.15.0.tgz",
      "integrity": "sha512-Cqg3pIGhSwPyFBndpBrucdeNXecNFnYcXy3ixQ4brJHd/3k1CAtBVcX0e3s6jRYl/QIx5BmyGXS/SHEGtYZ3gw=="
    }
  }
}
